
Microsoft Visual Studio Solution File, Format Version 12.00
# Visual Studio 15
VisualStudioVersion = 15.0.26730.12
MinimumVisualStudioVersion = 10.0.40219.1
Project("{FAE04EC0-301F-11D3-BF4B-00C04F79EFBC}") = "ПЕСОЧНИЦА", "SundBox\My\ПЕСОЧНИЦА.csproj", "{7C35AD7F-B698-474C-84BC-0015957FA19E}"
EndProject
Project("{FAE04EC0-301F-11D3-BF4B-00C04F79EFBC}") = "WindowsFormsApp1", "SundBox\WindowsFormsApp1\WindowsFormsApp1.csproj", "{792B2551-4F05-4628-BACF-EE918775B75D}"
EndProject
Global
	GlobalSection(SolutionConfigurationPlatforms) = preSolution
		Debug|Any CPU = Debug|Any CPU
		Release|Any CPU = Release|Any CPU
	EndGlobalSection
	GlobalSection(ProjectConfigurationPlatforms) = postSolution
		{7C35AD7F-B698-474C-84BC-0015957FA19E}.Debug|Any CPU.ActiveCfg = Debug|Any CPU
		{7C35AD7F-B698-474C-84BC-0015957FA19E}.Debug|Any CPU.Build.0 = Debug|Any CPU
		{7C35AD7F-B698-474C-84BC-0015957FA19E}.Release|Any CPU.ActiveCfg = Release|Any CPU
		{7C35AD7F-B698-474C-84BC-0015957FA19E}.Release|Any CPU.Build.0 = Release|Any CPU
		{792B2551-4F05-4628-BACF-EE918775B75D}.Debug|Any CPU.ActiveCfg = Debug|Any CPU
		{792B2551-4F05-4628-BACF-EE918775B75D}.Debug|Any CPU.Build.0 = Debug|Any CPU
		{792B2551-4F05-4628-BACF-EE918775B75D}.Release|Any CPU.ActiveCfg = Release|Any CPU
		{792B2551-4F05-4628-BACF-EE918775B75D}.Release|Any CPU.Build.0 = Release|Any CPU
	EndGlobalSection
	GlobalSection(SolutionProperties) = preSolution
		HideSolutionNode = FALSE
	EndGlobalSection
	GlobalSection(ExtensibilityGlobals) = postSolution
		SolutionGuid = {E058A8E9-1880-47E6-95AA-D6DDD7639440}
	EndGlobalSection
EndGlobal
