
Microsoft Visual Studio Solution File, Format Version 12.00
# Visual Studio 15
VisualStudioVersion = 15.0.26730.12
MinimumVisualStudioVersion = 10.0.40219.1
Project("{FAE04EC0-301F-11D3-BF4B-00C04F79EFBC}") = "задача 1.1.15", "задача 1.1.15\задача 1.1.15.csproj", "{98A19466-20EE-4896-B479-4D573DE1A0E3}"
EndProject
Project("{FAE04EC0-301F-11D3-BF4B-00C04F79EFBC}") = "задача 2.1.15", "задача 2.1.15\задача 2.1.15.csproj", "{B9A59BAD-A2AE-46B5-A4F5-DD1C7793D3B8}"
EndProject
Project("{FAE04EC0-301F-11D3-BF4B-00C04F79EFBC}") = "задача 4.1.15", "задача 4.1.15\задача 4.1.15.csproj", "{2BCC2AB3-8075-4479-B6F9-3DBFDDECA38F}"
EndProject
Project("{FAE04EC0-301F-11D3-BF4B-00C04F79EFBC}") = "MKLibrary", "MKLibrary\MKLibrary.csproj", "{71A4B18A-87FD-445B-B560-78271FD6BF09}"
EndProject
Project("{FAE04EC0-301F-11D3-BF4B-00C04F79EFBC}") = "задача 3.2.46", "задача 3.2.46\задача 3.2.46.csproj", "{144A00B2-8165-4C8C-9E12-1DA79308EF67}"
EndProject
Project("{FAE04EC0-301F-11D3-BF4B-00C04F79EFBC}") = "задача 3.1.15", "задача 3.1.15\задача 3.1.15.csproj", "{F5AA3DED-CF59-4A3D-B7BC-7F4B40E59F3C}"
EndProject
Project("{FAE04EC0-301F-11D3-BF4B-00C04F79EFBC}") = "задача 3.3.77", "задача 3.3.77\задача 3.3.77.csproj", "{74162173-09B5-4CB4-8C30-5B8116279E60}"
EndProject
Project("{FAE04EC0-301F-11D3-BF4B-00C04F79EFBC}") = "задача 5.1.15", "задача 5.1.15\задача 5.1.15.csproj", "{89C45600-10C8-40AF-92E7-0A2A083D617B}"
EndProject
Project("{FAE04EC0-301F-11D3-BF4B-00C04F79EFBC}") = "задача 4.18", "задача 4.18\задача 4.18.csproj", "{C9E17C7F-5A0B-474D-A3FC-E9D0F30DD428}"
EndProject
Project("{FAE04EC0-301F-11D3-BF4B-00C04F79EFBC}") = "задача 4.23", "задача 4.23\задача 4.23.csproj", "{4FAF2B99-80A1-4F45-8A10-516077FB8F80}"
EndProject
Project("{FAE04EC0-301F-11D3-BF4B-00C04F79EFBC}") = "задача 4.26", "задача 4.26\задача 4.26.csproj", "{B6904EEA-81C8-4BFF-B040-2F7455AA6410}"
EndProject
Project("{FAE04EC0-301F-11D3-BF4B-00C04F79EFBC}") = "задача 7.1.15", "задача 7.1.15\задача 7.1.15.csproj", "{5C213F83-3BC4-4DE2-A70E-778A1A4B1FF4}"
EndProject
Project("{FAE04EC0-301F-11D3-BF4B-00C04F79EFBC}") = "задача 7.2.46", "задача 7.2.46\задача 7.2.46.csproj", "{8BDC79FD-E946-4222-B79A-512A72279449}"
EndProject
Project("{FAE04EC0-301F-11D3-BF4B-00C04F79EFBC}") = "задача 6.1.15", "задача 6.1.15\задача 6.1.15.csproj", "{11BE75CE-3167-47A0-B9B1-695A326F4CCB}"
EndProject
Global
	GlobalSection(SolutionConfigurationPlatforms) = preSolution
		Debug|Any CPU = Debug|Any CPU
		Release|Any CPU = Release|Any CPU
	EndGlobalSection
	GlobalSection(ProjectConfigurationPlatforms) = postSolution
		{98A19466-20EE-4896-B479-4D573DE1A0E3}.Debug|Any CPU.ActiveCfg = Debug|Any CPU
		{98A19466-20EE-4896-B479-4D573DE1A0E3}.Debug|Any CPU.Build.0 = Debug|Any CPU
		{98A19466-20EE-4896-B479-4D573DE1A0E3}.Release|Any CPU.ActiveCfg = Release|Any CPU
		{98A19466-20EE-4896-B479-4D573DE1A0E3}.Release|Any CPU.Build.0 = Release|Any CPU
		{B9A59BAD-A2AE-46B5-A4F5-DD1C7793D3B8}.Debug|Any CPU.ActiveCfg = Debug|Any CPU
		{B9A59BAD-A2AE-46B5-A4F5-DD1C7793D3B8}.Debug|Any CPU.Build.0 = Debug|Any CPU
		{B9A59BAD-A2AE-46B5-A4F5-DD1C7793D3B8}.Release|Any CPU.ActiveCfg = Release|Any CPU
		{B9A59BAD-A2AE-46B5-A4F5-DD1C7793D3B8}.Release|Any CPU.Build.0 = Release|Any CPU
		{2BCC2AB3-8075-4479-B6F9-3DBFDDECA38F}.Debug|Any CPU.ActiveCfg = Debug|Any CPU
		{2BCC2AB3-8075-4479-B6F9-3DBFDDECA38F}.Debug|Any CPU.Build.0 = Debug|Any CPU
		{2BCC2AB3-8075-4479-B6F9-3DBFDDECA38F}.Release|Any CPU.ActiveCfg = Release|Any CPU
		{2BCC2AB3-8075-4479-B6F9-3DBFDDECA38F}.Release|Any CPU.Build.0 = Release|Any CPU
		{71A4B18A-87FD-445B-B560-78271FD6BF09}.Debug|Any CPU.ActiveCfg = Debug|Any CPU
		{71A4B18A-87FD-445B-B560-78271FD6BF09}.Debug|Any CPU.Build.0 = Debug|Any CPU
		{71A4B18A-87FD-445B-B560-78271FD6BF09}.Release|Any CPU.ActiveCfg = Release|Any CPU
		{71A4B18A-87FD-445B-B560-78271FD6BF09}.Release|Any CPU.Build.0 = Release|Any CPU
		{144A00B2-8165-4C8C-9E12-1DA79308EF67}.Debug|Any CPU.ActiveCfg = Debug|Any CPU
		{144A00B2-8165-4C8C-9E12-1DA79308EF67}.Debug|Any CPU.Build.0 = Debug|Any CPU
		{144A00B2-8165-4C8C-9E12-1DA79308EF67}.Release|Any CPU.ActiveCfg = Release|Any CPU
		{144A00B2-8165-4C8C-9E12-1DA79308EF67}.Release|Any CPU.Build.0 = Release|Any CPU
		{F5AA3DED-CF59-4A3D-B7BC-7F4B40E59F3C}.Debug|Any CPU.ActiveCfg = Debug|Any CPU
		{F5AA3DED-CF59-4A3D-B7BC-7F4B40E59F3C}.Debug|Any CPU.Build.0 = Debug|Any CPU
		{F5AA3DED-CF59-4A3D-B7BC-7F4B40E59F3C}.Release|Any CPU.ActiveCfg = Release|Any CPU
		{F5AA3DED-CF59-4A3D-B7BC-7F4B40E59F3C}.Release|Any CPU.Build.0 = Release|Any CPU
		{74162173-09B5-4CB4-8C30-5B8116279E60}.Debug|Any CPU.ActiveCfg = Debug|Any CPU
		{74162173-09B5-4CB4-8C30-5B8116279E60}.Debug|Any CPU.Build.0 = Debug|Any CPU
		{74162173-09B5-4CB4-8C30-5B8116279E60}.Release|Any CPU.ActiveCfg = Release|Any CPU
		{74162173-09B5-4CB4-8C30-5B8116279E60}.Release|Any CPU.Build.0 = Release|Any CPU
		{89C45600-10C8-40AF-92E7-0A2A083D617B}.Debug|Any CPU.ActiveCfg = Debug|Any CPU
		{89C45600-10C8-40AF-92E7-0A2A083D617B}.Debug|Any CPU.Build.0 = Debug|Any CPU
		{89C45600-10C8-40AF-92E7-0A2A083D617B}.Release|Any CPU.ActiveCfg = Release|Any CPU
		{89C45600-10C8-40AF-92E7-0A2A083D617B}.Release|Any CPU.Build.0 = Release|Any CPU
		{C9E17C7F-5A0B-474D-A3FC-E9D0F30DD428}.Debug|Any CPU.ActiveCfg = Debug|Any CPU
		{C9E17C7F-5A0B-474D-A3FC-E9D0F30DD428}.Debug|Any CPU.Build.0 = Debug|Any CPU
		{C9E17C7F-5A0B-474D-A3FC-E9D0F30DD428}.Release|Any CPU.ActiveCfg = Release|Any CPU
		{C9E17C7F-5A0B-474D-A3FC-E9D0F30DD428}.Release|Any CPU.Build.0 = Release|Any CPU
		{4FAF2B99-80A1-4F45-8A10-516077FB8F80}.Debug|Any CPU.ActiveCfg = Debug|Any CPU
		{4FAF2B99-80A1-4F45-8A10-516077FB8F80}.Debug|Any CPU.Build.0 = Debug|Any CPU
		{4FAF2B99-80A1-4F45-8A10-516077FB8F80}.Release|Any CPU.ActiveCfg = Release|Any CPU
		{4FAF2B99-80A1-4F45-8A10-516077FB8F80}.Release|Any CPU.Build.0 = Release|Any CPU
		{B6904EEA-81C8-4BFF-B040-2F7455AA6410}.Debug|Any CPU.ActiveCfg = Debug|Any CPU
		{B6904EEA-81C8-4BFF-B040-2F7455AA6410}.Debug|Any CPU.Build.0 = Debug|Any CPU
		{B6904EEA-81C8-4BFF-B040-2F7455AA6410}.Release|Any CPU.ActiveCfg = Release|Any CPU
		{B6904EEA-81C8-4BFF-B040-2F7455AA6410}.Release|Any CPU.Build.0 = Release|Any CPU
		{5C213F83-3BC4-4DE2-A70E-778A1A4B1FF4}.Debug|Any CPU.ActiveCfg = Debug|Any CPU
		{5C213F83-3BC4-4DE2-A70E-778A1A4B1FF4}.Debug|Any CPU.Build.0 = Debug|Any CPU
		{5C213F83-3BC4-4DE2-A70E-778A1A4B1FF4}.Release|Any CPU.ActiveCfg = Release|Any CPU
		{5C213F83-3BC4-4DE2-A70E-778A1A4B1FF4}.Release|Any CPU.Build.0 = Release|Any CPU
		{8BDC79FD-E946-4222-B79A-512A72279449}.Debug|Any CPU.ActiveCfg = Debug|Any CPU
		{8BDC79FD-E946-4222-B79A-512A72279449}.Debug|Any CPU.Build.0 = Debug|Any CPU
		{8BDC79FD-E946-4222-B79A-512A72279449}.Release|Any CPU.ActiveCfg = Release|Any CPU
		{8BDC79FD-E946-4222-B79A-512A72279449}.Release|Any CPU.Build.0 = Release|Any CPU
		{11BE75CE-3167-47A0-B9B1-695A326F4CCB}.Debug|Any CPU.ActiveCfg = Debug|Any CPU
		{11BE75CE-3167-47A0-B9B1-695A326F4CCB}.Debug|Any CPU.Build.0 = Debug|Any CPU
		{11BE75CE-3167-47A0-B9B1-695A326F4CCB}.Release|Any CPU.ActiveCfg = Release|Any CPU
		{11BE75CE-3167-47A0-B9B1-695A326F4CCB}.Release|Any CPU.Build.0 = Release|Any CPU
	EndGlobalSection
	GlobalSection(SolutionProperties) = preSolution
		HideSolutionNode = FALSE
	EndGlobalSection
	GlobalSection(ExtensibilityGlobals) = postSolution
		SolutionGuid = {13D74A47-1684-4E5E-9EA1-2FEA641FF5E2}
	EndGlobalSection
EndGlobal
