
Microsoft Visual Studio Solution File, Format Version 12.00
# Visual Studio 15
VisualStudioVersion = 15.0.26730.12
MinimumVisualStudioVersion = 10.0.40219.1
Project("{FAE04EC0-301F-11D3-BF4B-00C04F79EFBC}") = "Task 10_1_15", "Task 10_1_15\Task 10_1_15.csproj", "{F3793E8E-DD87-41EA-96B1-388A7E0AB397}"
EndProject
Project("{FAE04EC0-301F-11D3-BF4B-00C04F79EFBC}") = "MKLibrary", "..\TheSecondAttestation_MK\MKLibrary\MKLibrary.csproj", "{71A4B18A-87FD-445B-B560-78271FD6BF09}"
EndProject
Project("{FAE04EC0-301F-11D3-BF4B-00C04F79EFBC}") = "UnitTests", "UnitTests\UnitTests.csproj", "{93662609-0E2C-4F93-A224-55309678FF17}"
EndProject
Global
	GlobalSection(SolutionConfigurationPlatforms) = preSolution
		Debug|Any CPU = Debug|Any CPU
		Release|Any CPU = Release|Any CPU
	EndGlobalSection
	GlobalSection(ProjectConfigurationPlatforms) = postSolution
		{F3793E8E-DD87-41EA-96B1-388A7E0AB397}.Debug|Any CPU.ActiveCfg = Debug|Any CPU
		{F3793E8E-DD87-41EA-96B1-388A7E0AB397}.Debug|Any CPU.Build.0 = Debug|Any CPU
		{F3793E8E-DD87-41EA-96B1-388A7E0AB397}.Release|Any CPU.ActiveCfg = Release|Any CPU
		{F3793E8E-DD87-41EA-96B1-388A7E0AB397}.Release|Any CPU.Build.0 = Release|Any CPU
		{71A4B18A-87FD-445B-B560-78271FD6BF09}.Debug|Any CPU.ActiveCfg = Debug|Any CPU
		{71A4B18A-87FD-445B-B560-78271FD6BF09}.Debug|Any CPU.Build.0 = Debug|Any CPU
		{71A4B18A-87FD-445B-B560-78271FD6BF09}.Release|Any CPU.ActiveCfg = Release|Any CPU
		{71A4B18A-87FD-445B-B560-78271FD6BF09}.Release|Any CPU.Build.0 = Release|Any CPU
		{93662609-0E2C-4F93-A224-55309678FF17}.Debug|Any CPU.ActiveCfg = Debug|Any CPU
		{93662609-0E2C-4F93-A224-55309678FF17}.Debug|Any CPU.Build.0 = Debug|Any CPU
		{93662609-0E2C-4F93-A224-55309678FF17}.Release|Any CPU.ActiveCfg = Release|Any CPU
		{93662609-0E2C-4F93-A224-55309678FF17}.Release|Any CPU.Build.0 = Release|Any CPU
	EndGlobalSection
	GlobalSection(SolutionProperties) = preSolution
		HideSolutionNode = FALSE
	EndGlobalSection
	GlobalSection(ExtensibilityGlobals) = postSolution
		SolutionGuid = {DD6FC4A9-999F-4817-ABF5-27ACF82D54E8}
	EndGlobalSection
EndGlobal
